
Microsoft Visual Studio Solution File, Format Version 12.00
# Visual Studio Version 17
VisualStudioVersion = 17.0.31903.59
MinimumVisualStudioVersion = 10.0.40219.1
Project("{FAE04EC0-301F-11D3-BF4B-00C04F79EFBC}") = "AhmadBase.Core", "Tamasa.core\AhmadBase.Core.csproj", "{37267C80-CAEE-4E34-9484-23B505DF97E3}"
EndProject
Project("{FAE04EC0-301F-11D3-BF4B-00C04F79EFBC}") = "AhmadBase.Inferastracter", "Tamasa.Inferastracter\AhmadBase.Inferastracter.csproj", "{7E000D61-A68B-4DFF-8318-86D5B08ACDFD}"
EndProject
Project("{FAE04EC0-301F-11D3-BF4B-00C04F79EFBC}") = "AhmadBase.Web", "Tamasa.Web\AhmadBase.Web.csproj", "{68F4806C-0FA1-4B10-95E6-46CF78FEB3F6}"
EndProject
Global
	GlobalSection(SolutionConfigurationPlatforms) = preSolution
		Debug|Any CPU = Debug|Any CPU
		Release|Any CPU = Release|Any CPU
	EndGlobalSection
	GlobalSection(SolutionProperties) = preSolution
		HideSolutionNode = FALSE
	EndGlobalSection
	GlobalSection(ProjectConfigurationPlatforms) = postSolution
		{37267C80-CAEE-4E34-9484-23B505DF97E3}.Debug|Any CPU.ActiveCfg = Debug|Any CPU
		{37267C80-CAEE-4E34-9484-23B505DF97E3}.Debug|Any CPU.Build.0 = Debug|Any CPU
		{37267C80-CAEE-4E34-9484-23B505DF97E3}.Release|Any CPU.ActiveCfg = Release|Any CPU
		{37267C80-CAEE-4E34-9484-23B505DF97E3}.Release|Any CPU.Build.0 = Release|Any CPU
		{7E000D61-A68B-4DFF-8318-86D5B08ACDFD}.Debug|Any CPU.ActiveCfg = Debug|Any CPU
		{7E000D61-A68B-4DFF-8318-86D5B08ACDFD}.Debug|Any CPU.Build.0 = Debug|Any CPU
		{7E000D61-A68B-4DFF-8318-86D5B08ACDFD}.Release|Any CPU.ActiveCfg = Release|Any CPU
		{7E000D61-A68B-4DFF-8318-86D5B08ACDFD}.Release|Any CPU.Build.0 = Release|Any CPU
		{68F4806C-0FA1-4B10-95E6-46CF78FEB3F6}.Debug|Any CPU.ActiveCfg = Debug|Any CPU
		{68F4806C-0FA1-4B10-95E6-46CF78FEB3F6}.Debug|Any CPU.Build.0 = Debug|Any CPU
		{68F4806C-0FA1-4B10-95E6-46CF78FEB3F6}.Release|Any CPU.ActiveCfg = Release|Any CPU
		{68F4806C-0FA1-4B10-95E6-46CF78FEB3F6}.Release|Any CPU.Build.0 = Release|Any CPU
	EndGlobalSection
EndGlobal
